
Microsoft Visual Studio Solution File, Format Version 12.00
# Visual Studio Version 17
VisualStudioVersion = 17.6.33829.357
MinimumVisualStudioVersion = 10.0.40219.1
Project("{FAE04EC0-301F-11D3-BF4B-00C04F79EFBC}") = "PruebasUnitariasCalc", "PruebasUnitariasCalc\PruebasUnitariasCalc.csproj", "{B1B8DBFC-70EF-43F1-B622-793A659398D7}"
EndProject
Project("{FAE04EC0-301F-11D3-BF4B-00C04F79EFBC}") = "CalculadoraTest", "CalculadoraTest\CalculadoraTest.csproj", "{ED736B57-252D-48DC-B7EE-7433E9134204}"
EndProject
Global
	GlobalSection(SolutionConfigurationPlatforms) = preSolution
		Debug|Any CPU = Debug|Any CPU
		Release|Any CPU = Release|Any CPU
	EndGlobalSection
	GlobalSection(ProjectConfigurationPlatforms) = postSolution
		{B1B8DBFC-70EF-43F1-B622-793A659398D7}.Debug|Any CPU.ActiveCfg = Debug|Any CPU
		{B1B8DBFC-70EF-43F1-B622-793A659398D7}.Debug|Any CPU.Build.0 = Debug|Any CPU
		{B1B8DBFC-70EF-43F1-B622-793A659398D7}.Release|Any CPU.ActiveCfg = Release|Any CPU
		{B1B8DBFC-70EF-43F1-B622-793A659398D7}.Release|Any CPU.Build.0 = Release|Any CPU
		{ED736B57-252D-48DC-B7EE-7433E9134204}.Debug|Any CPU.ActiveCfg = Debug|Any CPU
		{ED736B57-252D-48DC-B7EE-7433E9134204}.Debug|Any CPU.Build.0 = Debug|Any CPU
		{ED736B57-252D-48DC-B7EE-7433E9134204}.Release|Any CPU.ActiveCfg = Release|Any CPU
		{ED736B57-252D-48DC-B7EE-7433E9134204}.Release|Any CPU.Build.0 = Release|Any CPU
	EndGlobalSection
	GlobalSection(SolutionProperties) = preSolution
		HideSolutionNode = FALSE
	EndGlobalSection
	GlobalSection(ExtensibilityGlobals) = postSolution
		SolutionGuid = {9214A430-5CFD-4FAD-B100-C757D43198B5}
	EndGlobalSection
EndGlobal
